// !$*UTF8*$!
{
	archiveVersion = 1;
	classes = {
	};
	objectVersion = 50;
	objects = {

/* Begin PBXBuildFile section */
		5A12BC2F16392C619FE31B49 /* Pods_Reorder.framework in Frameworks */ = {isa = PBXBuildFile; fileRef = 4839E049368A447E750CC43B /* Pods_Reorder.framework */; };
		6A30429D232BBA13009B8673 /* AppDelegate.swift in Sources */ = {isa = PBXBuildFile; fileRef = 6A30429C232BBA13009B8673 /* AppDelegate.swift */; };
		6A30429F232BBA13009B8673 /* ViewController.swift in Sources */ = {isa = PBXBuildFile; fileRef = 6A30429E232BBA13009B8673 /* ViewController.swift */; };
		6A3042A2232BBA13009B8673 /* Main.storyboard in Resources */ = {isa = PBXBuildFile; fileRef = 6A3042A0232BBA13009B8673 /* Main.storyboard */; };
		6A3042A4232BBA15009B8673 /* Assets.xcassets in Resources */ = {isa = PBXBuildFile; fileRef = 6A3042A3232BBA15009B8673 /* Assets.xcassets */; };
		6A3042AC232BBC0B009B8673 /* ReorderViewController.swift in Sources */ = {isa = PBXBuildFile; fileRef = 6A3042AB232BBC0B009B8673 /* ReorderViewController.swift */; };
		6A3042AE232BD0CA009B8673 /* ROP1.json in Resources */ = {isa = PBXBuildFile; fileRef = 6A3042AD232BD0CA009B8673 /* ROP1.json */; };
		6A75084D232F636C00FC6C5E /* ROP2.json in Resources */ = {isa = PBXBuildFile; fileRef = 6A75084B232F636C00FC6C5E /* ROP2.json */; };
		6A75084E232F636C00FC6C5E /* ROP3.json in Resources */ = {isa = PBXBuildFile; fileRef = 6A75084C232F636C00FC6C5E /* ROP3.json */; };
/* End PBXBuildFile section */

/* Begin PBXFileReference section */
		4839E049368A447E750CC43B /* Pods_Reorder.framework */ = {isa = PBXFileReference; explicitFileType = wrapper.framework; includeInIndex = 0; path = Pods_Reorder.framework; sourceTree = BUILT_PRODUCTS_DIR; };
		4C6D114FC4FBC85C66F0EE3D /* Pods-Reorder.release.xcconfig */ = {isa = PBXFileReference; includeInIndex = 1; lastKnownFileType = text.xcconfig; name = "Pods-Reorder.release.xcconfig"; path = "Pods/Target Support Files/Pods-Reorder/Pods-Reorder.release.xcconfig"; sourceTree = "<group>"; };
		6A304299232BBA13009B8673 /* Reorder.app */ = {isa = PBXFileReference; explicitFileType = wrapper.application; includeInIndex = 0; path = Reorder.app; sourceTree = BUILT_PRODUCTS_DIR; };
		6A30429C232BBA13009B8673 /* AppDelegate.swift */ = {isa = PBXFileReference; lastKnownFileType = sourcecode.swift; path = AppDelegate.swift; sourceTree = "<group>"; };
		6A30429E232BBA13009B8673 /* ViewController.swift */ = {isa = PBXFileReference; lastKnownFileType = sourcecode.swift; path = ViewController.swift; sourceTree = "<group>"; };
		6A3042A1232BBA13009B8673 /* Base */ = {isa = PBXFileReference; lastKnownFileType = file.storyboard; name = Base; path = Base.lproj/Main.storyboard; sourceTree = "<group>"; };
		6A3042A3232BBA15009B8673 /* Assets.xcassets */ = {isa = PBXFileReference; lastKnownFileType = folder.assetcatalog; path = Assets.xcassets; sourceTree = "<group>"; };
		6A3042A5232BBA15009B8673 /* Info.plist */ = {isa = PBXFileReference; lastKnownFileType = text.plist.xml; path = Info.plist; sourceTree = "<group>"; };
		6A3042AB232BBC0B009B8673 /* ReorderViewController.swift */ = {isa = PBXFileReference; lastKnownFileType = sourcecode.swift; path = ReorderViewController.swift; sourceTree = "<group>"; };
		6A3042AD232BD0CA009B8673 /* ROP1.json */ = {isa = PBXFileReference; fileEncoding = 4; lastKnownFileType = text.json; path = ROP1.json; sourceTree = "<group>"; };
		6A75084B232F636C00FC6C5E /* ROP2.json */ = {isa = PBXFileReference; fileEncoding = 4; lastKnownFileType = text.json; path = ROP2.json; sourceTree = "<group>"; };
		6A75084C232F636C00FC6C5E /* ROP3.json */ = {isa = PBXFileReference; fileEncoding = 4; lastKnownFileType = text.json; path = ROP3.json; sourceTree = "<group>"; };
		96F66BBB20C7801D160C1D1F /* Pods-Reorder.debug.xcconfig */ = {isa = PBXFileReference; includeInIndex = 1; lastKnownFileType = text.xcconfig; name = "Pods-Reorder.debug.xcconfig"; path = "Pods/Target Support Files/Pods-Reorder/Pods-Reorder.debug.xcconfig"; sourceTree = "<group>"; };
/* End PBXFileReference section */

/* Begin PBXFrameworksBuildPhase section */
		6A304296232BBA13009B8673 /* Frameworks */ = {
			isa = PBXFrameworksBuildPhase;
			buildActionMask = 2147483647;
			files = (
				5A12BC2F16392C619FE31B49 /* Pods_Reorder.framework in Frameworks */,
			);
			runOnlyForDeploymentPostprocessing = 0;
		};
/* End PBXFrameworksBuildPhase section */

/* Begin PBXGroup section */
		6A304290232BBA13009B8673 = {
			isa = PBXGroup;
			children = (
				6A30429B232BBA13009B8673 /* Reorder */,
				6A30429A232BBA13009B8673 /* Products */,
				E28A82F3FD4B35E4AA1BBC11 /* Pods */,
				CB41D3DCF73F5C6DA7F2826F /* Frameworks */,
			);
			sourceTree = "<group>";
		};
		6A30429A232BBA13009B8673 /* Products */ = {
			isa = PBXGroup;
			children = (
				6A304299232BBA13009B8673 /* Reorder.app */,
			);
			name = Products;
			sourceTree = "<group>";
		};
		6A30429B232BBA13009B8673 /* Reorder */ = {
			isa = PBXGroup;
			children = (
				6A30429C232BBA13009B8673 /* AppDelegate.swift */,
				6A30429E232BBA13009B8673 /* ViewController.swift */,
				6A3042AB232BBC0B009B8673 /* ReorderViewController.swift */,
				6A75084F232F637900FC6C5E /* ROP */,
				6A3042A0232BBA13009B8673 /* Main.storyboard */,
				6A3042A3232BBA15009B8673 /* Assets.xcassets */,
				6A3042A5232BBA15009B8673 /* Info.plist */,
			);
			path = Reorder;
			sourceTree = "<group>";
		};
		6A75084F232F637900FC6C5E /* ROP */ = {
			isa = PBXGroup;
			children = (
				6A3042AD232BD0CA009B8673 /* ROP1.json */,
				6A75084B232F636C00FC6C5E /* ROP2.json */,
				6A75084C232F636C00FC6C5E /* ROP3.json */,
			);
			path = ROP;
			sourceTree = "<group>";
		};
		CB41D3DCF73F5C6DA7F2826F /* Frameworks */ = {
			isa = PBXGroup;
			children = (
				4839E049368A447E750CC43B /* Pods_Reorder.framework */,
			);
			name = Frameworks;
			sourceTree = "<group>";
		};
		E28A82F3FD4B35E4AA1BBC11 /* Pods */ = {
			isa = PBXGroup;
			children = (
				96F66BBB20C7801D160C1D1F /* Pods-Reorder.debug.xcconfig */,
				4C6D114FC4FBC85C66F0EE3D /* Pods-Reorder.release.xcconfig */,
			);
			name = Pods;
			sourceTree = "<group>";
		};
/* End PBXGroup section */

/* Begin PBXNativeTarget section */
		6A304298232BBA13009B8673 /* Reorder */ = {
			isa = PBXNativeTarget;
			buildConfigurationList = 6A3042A8232BBA15009B8673 /* Build configuration list for PBXNativeTarget "Reorder" */;
			buildPhases = (
				7A31A0A459D28BE3E9B44036 /* [CP] Check Pods Manifest.lock */,
				6A304295232BBA13009B8673 /* Sources */,
				6A304296232BBA13009B8673 /* Frameworks */,
				6A304297232BBA13009B8673 /* Resources */,
				1D83A920D5A44C1A919E1D62 /* [CP] Embed Pods Frameworks */,
			);
			buildRules = (
			);
			dependencies = (
			);
			name = Reorder;
			productName = Reorder;
			productReference = 6A304299232BBA13009B8673 /* Reorder.app */;
			productType = "com.apple.product-type.application";
		};
/* End PBXNativeTarget section */

/* Begin PBXProject section */
		6A304291232BBA13009B8673 /* Project object */ = {
			isa = PBXProject;
			attributes = {
				LastSwiftUpdateCheck = 1030;
				LastUpgradeCheck = 1030;
				ORGANIZATIONNAME = Raj;
				TargetAttributes = {
					6A304298232BBA13009B8673 = {
						CreatedOnToolsVersion = 10.3;
					};
				};
			};
			buildConfigurationList = 6A304294232BBA13009B8673 /* Build configuration list for PBXProject "Reorder" */;
			compatibilityVersion = "Xcode 9.3";
			developmentRegion = en;
			hasScannedForEncodings = 0;
			knownRegions = (
				en,
				Base,
			);
			mainGroup = 6A304290232BBA13009B8673;
			productRefGroup = 6A30429A232BBA13009B8673 /* Products */;
			projectDirPath = "";
			projectRoot = "";
			targets = (
				6A304298232BBA13009B8673 /* Reorder */,
			);
		};
/* End PBXProject section */

/* Begin PBXResourcesBuildPhase section */
		6A304297232BBA13009B8673 /* Resources */ = {
			isa = PBXResourcesBuildPhase;
			buildActionMask = 2147483647;
			files = (
				6A75084D232F636C00FC6C5E /* ROP2.json in Resources */,
				6A75084E232F636C00FC6C5E /* ROP3.json in Resources */,
				6A3042A4232BBA15009B8673 /* Assets.xcassets in Resources */,
				6A3042A2232BBA13009B8673 /* Main.storyboard in Resources */,
				6A3042AE232BD0CA009B8673 /* ROP1.json in Resources */,
			);
			runOnlyForDeploymentPostprocessing = 0;
		};
/* End PBXResourcesBuildPhase section */

/* Begin PBXShellScriptBuildPhase section */
		1D83A920D5A44C1A919E1D62 /* [CP] Embed Pods Frameworks */ = {
			isa = PBXShellScriptBuildPhase;
			buildActionMask = 2147483647;
			files = (
			);
			inputPaths = (
				"${SRCROOT}/Pods/Target Support Files/Pods-Reorder/Pods-Reorder-frameworks.sh",
				"${BUILT_PRODUCTS_DIR}/GTProgressBar/GTProgressBar.framework",
				"${BUILT_PRODUCTS_DIR}/Hero/Hero.framework",
			);
			name = "[CP] Embed Pods Frameworks";
			outputPaths = (
				"${TARGET_BUILD_DIR}/${FRAMEWORKS_FOLDER_PATH}/GTProgressBar.framework",
				"${TARGET_BUILD_DIR}/${FRAMEWORKS_FOLDER_PATH}/Hero.framework",
			);
			runOnlyForDeploymentPostprocessing = 0;
			shellPath = /bin/sh;
			shellScript = "\"${SRCROOT}/Pods/Target Support Files/Pods-Reorder/Pods-Reorder-frameworks.sh\"\n";
			showEnvVarsInLog = 0;
		};
		7A31A0A459D28BE3E9B44036 /* [CP] Check Pods Manifest.lock */ = {
			isa = PBXShellScriptBuildPhase;
			buildActionMask = 2147483647;
			files = (
			);
			inputPaths = (
				"${PODS_PODFILE_DIR_PATH}/Podfile.lock",
				"${PODS_ROOT}/Manifest.lock",
			);
			name = "[CP] Check Pods Manifest.lock";
			outputPaths = (
				"$(DERIVED_FILE_DIR)/Pods-Reorder-checkManifestLockResult.txt",
			);
			runOnlyForDeploymentPostprocessing = 0;
			shellPath = /bin/sh;
			shellScript = "diff \"${PODS_PODFILE_DIR_PATH}/Podfile.lock\" \"${PODS_ROOT}/Manifest.lock\" > /dev/null\nif [ $? != 0 ] ; then\n    # print error to STDERR\n    echo \"error: The sandbox is not in sync with the Podfile.lock. Run 'pod install' or update your CocoaPods installation.\" >&2\n    exit 1\nfi\n# This output is used by Xcode 'outputs' to avoid re-running this script phase.\necho \"SUCCESS\" > \"${SCRIPT_OUTPUT_FILE_0}\"\n";
			showEnvVarsInLog = 0;
		};
/* End PBXShellScriptBuildPhase section */

/* Begin PBXSourcesBuildPhase section */
		6A304295232BBA13009B8673 /* Sources */ = {
			isa = PBXSourcesBuildPhase;
			buildActionMask = 2147483647;
			files = (
				6A30429F232BBA13009B8673 /* ViewController.swift in Sources */,
				6A3042AC232BBC0B009B8673 /* ReorderViewController.swift in Sources */,
				6A30429D232BBA13009B8673 /* AppDelegate.swift in Sources */,
			);
			runOnlyForDeploymentPostprocessing = 0;
		};
/* End PBXSourcesBuildPhase section */

/* Begin PBXVariantGroup section */
		6A3042A0232BBA13009B8673 /* Main.storyboard */ = {
			isa = PBXVariantGroup;
			children = (
				6A3042A1232BBA13009B8673 /* Base */,
			);
			name = Main.storyboard;
			sourceTree = "<group>";
		};
/* End PBXVariantGroup section */

/* Begin XCBuildConfiguration section */
		6A3042A6232BBA15009B8673 /* Debug */ = {
			isa = XCBuildConfiguration;
			buildSettings = {
				ALWAYS_SEARCH_USER_PATHS = NO;
				CLANG_ANALYZER_NONNULL = YES;
				CLANG_ANALYZER_NUMBER_OBJECT_CONVERSION = YES_AGGRESSIVE;
				CLANG_CXX_LANGUAGE_STANDARD = "gnu++14";
				CLANG_CXX_LIBRARY = "libc++";
				CLANG_ENABLE_MODULES = YES;
				CLANG_ENABLE_OBJC_ARC = YES;
				CLANG_ENABLE_OBJC_WEAK = YES;
				CLANG_WARN_BLOCK_CAPTURE_AUTORELEASING = YES;
				CLANG_WARN_BOOL_CONVERSION = YES;
				CLANG_WARN_COMMA = YES;
				CLANG_WARN_CONSTANT_CONVERSION = YES;
				CLANG_WARN_DEPRECATED_OBJC_IMPLEMENTATIONS = YES;
				CLANG_WARN_DIRECT_OBJC_ISA_USAGE = YES_ERROR;
				CLANG_WARN_DOCUMENTATION_COMMENTS = YES;
				CLANG_WARN_EMPTY_BODY = YES;
				CLANG_WARN_ENUM_CONVERSION = YES;
				CLANG_WARN_INFINITE_RECURSION = YES;
				CLANG_WARN_INT_CONVERSION = YES;
				CLANG_WARN_NON_LITERAL_NULL_CONVERSION = YES;
				CLANG_WARN_OBJC_IMPLICIT_RETAIN_SELF = YES;
				CLANG_WARN_OBJC_LITERAL_CONVERSION = YES;
				CLANG_WARN_OBJC_ROOT_CLASS = YES_ERROR;
				CLANG_WARN_RANGE_LOOP_ANALYSIS = YES;
				CLANG_WARN_STRICT_PROTOTYPES = YES;
				CLANG_WARN_SUSPICIOUS_MOVE = YES;
				CLANG_WARN_UNGUARDED_AVAILABILITY = YES_AGGRESSIVE;
				CLANG_WARN_UNREACHABLE_CODE = YES;
				CLANG_WARN__DUPLICATE_METHOD_MATCH = YES;
				COPY_PHASE_STRIP = NO;
				DEBUG_INFORMATION_FORMAT = dwarf;
				ENABLE_STRICT_OBJC_MSGSEND = YES;
				ENABLE_TESTABILITY = YES;
				GCC_C_LANGUAGE_STANDARD = gnu11;
				GCC_DYNAMIC_NO_PIC = NO;
				GCC_NO_COMMON_BLOCKS = YES;
				GCC_OPTIMIZATION_LEVEL = 0;
				GCC_PREPROCESSOR_DEFINITIONS = (
					"DEBUG=1",
					"$(inherited)",
				);
				GCC_WARN_64_TO_32_BIT_CONVERSION = YES;
				GCC_WARN_ABOUT_RETURN_TYPE = YES_ERROR;
				GCC_WARN_UNDECLARED_SELECTOR = YES;
				GCC_WARN_UNINITIALIZED_AUTOS = YES_AGGRESSIVE;
				GCC_WARN_UNUSED_FUNCTION = YES;
				GCC_WARN_UNUSED_VARIABLE = YES;
				MTL_ENABLE_DEBUG_INFO = INCLUDE_SOURCE;
				MTL_FAST_MATH = YES;
				ONLY_ACTIVE_ARCH = YES;
				SDKROOT = appletvos;
				SWIFT_ACTIVE_COMPILATION_CONDITIONS = DEBUG;
				SWIFT_OPTIMIZATION_LEVEL = "-Onone";
				TVOS_DEPLOYMENT_TARGET = 12.4;
			};
			name = Debug;
		};
		6A3042A7232BBA15009B8673 /* Release */ = {
			isa = XCBuildConfiguration;
			buildSettings = {
				ALWAYS_SEARCH_USER_PATHS = NO;
				CLANG_ANALYZER_NONNULL = YES;
				CLANG_ANALYZER_NUMBER_OBJECT_CONVERSION = YES_AGGRESSIVE;
				CLANG_CXX_LANGUAGE_STANDARD = "gnu++14";
				CLANG_CXX_LIBRARY = "libc++";
				CLANG_ENABLE_MODULES = YES;
				CLANG_ENABLE_OBJC_ARC = YES;
				CLANG_ENABLE_OBJC_WEAK = YES;
				CLANG_WARN_BLOCK_CAPTURE_AUTORELEASING = YES;
				CLANG_WARN_BOOL_CONVERSION = YES;
				CLANG_WARN_COMMA = YES;
				CLANG_WARN_CONSTANT_CONVERSION = YES;
				CLANG_WARN_DEPRECATED_OBJC_IMPLEMENTATIONS = YES;
				CLANG_WARN_DIRECT_OBJC_ISA_USAGE = YES_ERROR;
				CLANG_WARN_DOCUMENTATION_COMMENTS = YES;
				CLANG_WARN_EMPTY_BODY = YES;
				CLANG_WARN_ENUM_CONVERSION = YES;
				CLANG_WARN_INFINITE_RECURSION = YES;
				CLANG_WARN_INT_CONVERSION = YES;
				CLANG_WARN_NON_LITERAL_NULL_CONVERSION = YES;
				CLANG_WARN_OBJC_IMPLICIT_RETAIN_SELF = YES;
				CLANG_WARN_OBJC_LITERAL_CONVERSION = YES;
				CLANG_WARN_OBJC_ROOT_CLASS = YES_ERROR;
				CLANG_WARN_RANGE_LOOP_ANALYSIS = YES;
				CLANG_WARN_STRICT_PROTOTYPES = YES;
				CLANG_WARN_SUSPICIOUS_MOVE = YES;
				CLANG_WARN_UNGUARDED_AVAILABILITY = YES_AGGRESSIVE;
				CLANG_WARN_UNREACHABLE_CODE = YES;
				CLANG_WARN__DUPLICATE_METHOD_MATCH = YES;
				COPY_PHASE_STRIP = NO;
				DEBUG_INFORMATION_FORMAT = "dwarf-with-dsym";
				ENABLE_NS_ASSERTIONS = NO;
				ENABLE_STRICT_OBJC_MSGSEND = YES;
				GCC_C_LANGUAGE_STANDARD = gnu11;
				GCC_NO_COMMON_BLOCKS = YES;
				GCC_WARN_64_TO_32_BIT_CONVERSION = YES;
				GCC_WARN_ABOUT_RETURN_TYPE = YES_ERROR;
				GCC_WARN_UNDECLARED_SELECTOR = YES;
				GCC_WARN_UNINITIALIZED_AUTOS = YES_AGGRESSIVE;
				GCC_WARN_UNUSED_FUNCTION = YES;
				GCC_WARN_UNUSED_VARIABLE = YES;
				MTL_ENABLE_DEBUG_INFO = NO;
				MTL_FAST_MATH = YES;
				SDKROOT = appletvos;
				SWIFT_COMPILATION_MODE = wholemodule;
				SWIFT_OPTIMIZATION_LEVEL = "-O";
				TVOS_DEPLOYMENT_TARGET = 12.4;
				VALIDATE_PRODUCT = YES;
			};
			name = Release;
		};
		6A3042A9232BBA15009B8673 /* Debug */ = {
			isa = XCBuildConfiguration;
			baseConfigurationReference = 96F66BBB20C7801D160C1D1F /* Pods-Reorder.debug.xcconfig */;
			buildSettings = {
				ASSETCATALOG_COMPILER_APPICON_NAME = "App Icon & Top Shelf Image";
				ASSETCATALOG_COMPILER_LAUNCHIMAGE_NAME = LaunchImage;
				CODE_SIGN_STYLE = Automatic;
				DEVELOPMENT_TEAM = Z2UMGHS98Z;
				INFOPLIST_FILE = Reorder/Info.plist;
				LD_RUNPATH_SEARCH_PATHS = (
					"$(inherited)",
					"@executable_path/Frameworks",
				);
				PRODUCT_BUNDLE_IDENTIFIER = com.wow.Reorder;
				PRODUCT_NAME = "$(TARGET_NAME)";
				SWIFT_VERSION = 5.0;
				TARGETED_DEVICE_FAMILY = 3;
			};
			name = Debug;
		};
		6A3042AA232BBA15009B8673 /* Release */ = {
			isa = XCBuildConfiguration;
			baseConfigurationReference = 4C6D114FC4FBC85C66F0EE3D /* Pods-Reorder.release.xcconfig */;
			buildSettings = {
				ASSETCATALOG_COMPILER_APPICON_NAME = "App Icon & Top Shelf Image";
				ASSETCATALOG_COMPILER_LAUNCHIMAGE_NAME = LaunchImage;
				CODE_SIGN_STYLE = Automatic;
				DEVELOPMENT_TEAM = Z2UMGHS98Z;
				INFOPLIST_FILE = Reorder/Info.plist;
				LD_RUNPATH_SEARCH_PATHS = (
					"$(inherited)",
					"@executable_path/Frameworks",
				);
				PRODUCT_BUNDLE_IDENTIFIER = com.wow.Reorder;
				PRODUCT_NAME = "$(TARGET_NAME)";
				SWIFT_VERSION = 5.0;
				TARGETED_DEVICE_FAMILY = 3;
			};
			name = Release;
		};
/* End XCBuildConfiguration section */

/* Begin XCConfigurationList section */
		6A304294232BBA13009B8673 /* Build configuration list for PBXProject "Reorder" */ = {
			isa = XCConfigurationList;
			buildConfigurations = (
				6A3042A6232BBA15009B8673 /* Debug */,
				6A3042A7232BBA15009B8673 /* Release */,
			);
			defaultConfigurationIsVisible = 0;
			defaultConfigurationName = Release;
		};
		6A3042A8232BBA15009B8673 /* Build configuration list for PBXNativeTarget "Reorder" */ = {
			isa = XCConfigurationList;
			buildConfigurations = (
				6A3042A9232BBA15009B8673 /* Debug */,
				6A3042AA232BBA15009B8673 /* Release */,
			);
			defaultConfigurationIsVisible = 0;
			defaultConfigurationName = Release;
		};
/* End XCConfigurationList section */
	};
	rootObject = 6A304291232BBA13009B8673 /* Project object */;
}
