// !$*UTF8*$!
{
	archiveVersion = 1;
	classes = {
	};
	objectVersion = 50;
	objects = {

/* Begin PBXBuildFile section */
		5A12BC2F16392C619FE31B49 /* Pods_Reorder.framework in Frameworks */ = {isa = PBXBuildFile; fileRef = 4839E049368A447E750CC43B /* Pods_Reorder.framework */; };
		6A30429D232BBA13009B8673 /* AppDelegate.swift in Sources */ = {isa = PBXBuildFile; fileRef = 6A30429C232BBA13009B8673 /* AppDelegate.swift */; };
		6A30429F232BBA13009B8673 /* ViewController.swift in Sources */ = {isa = PBXBuildFile; fileRef = 6A30429E232BBA13009B8673 /* ViewController.swift */; };
		6A3042A2232BBA13009B8673 /* Main.storyboard in Resources */ = {isa = PBXBuildFile; fileRef = 6A3042A0232BBA13009B8673 /* Main.storyboard */; };
		6A3042A4232BBA15009B8673 /* Assets.xcassets in Resources */ = {isa = PBXBuildFile; fileRef = 6A3042A3232BBA15009B8673 /* Assets.xcassets */; };
		6A3042AC232BBC0B009B8673 /* ReorderViewController.swift in Sources */ = {isa = PBXBuildFile; fileRef = 6A3042AB232BBC0B009B8673 /* ReorderViewController.swift */; };
		6A3042AE232BD0CA009B8673 /* ROP1.json in Resources */ = {isa = PBXBuildFile; fileRef = 6A3042AD232BD0CA009B8673 /* ROP1.json */; };
		6A3665C923E996DB00047437 /* 1.aifc in Resources */ = {isa = PBXBuildFile; fileRef = 6AA9917423E98B110030EB41 /* 1.aifc */; };
		6A75084D232F636C00FC6C5E /* ROP2.json in Resources */ = {isa = PBXBuildFile; fileRef = 6A75084B232F636C00FC6C5E /* ROP2.json */; };
		6A75084E232F636C00FC6C5E /* ROP3.json in Resources */ = {isa = PBXBuildFile; fileRef = 6A75084C232F636C00FC6C5E /* ROP3.json */; };
		6A924FEB233863ED00860891 /* Utils.swift in Sources */ = {isa = PBXBuildFile; fileRef = 6A924FEA233863ED00860891 /* Utils.swift */; };
		6A925761233987B400860891 /* WFD.storyboard in Resources */ = {isa = PBXBuildFile; fileRef = 6A925760233987B400860891 /* WFD.storyboard */; };
		6A925763233987E900860891 /* WFDViewController.swift in Sources */ = {isa = PBXBuildFile; fileRef = 6A925762233987E900860891 /* WFDViewController.swift */; };
		6A9934B82330EF6B002156EA /* AnimateCircleView.swift in Sources */ = {isa = PBXBuildFile; fileRef = 6A9934B72330EF6A002156EA /* AnimateCircleView.swift */; };
		6AA149782354947A00F703BC /* WFD_Listen.json in Resources */ = {isa = PBXBuildFile; fileRef = 6AA149772354947A00F703BC /* WFD_Listen.json */; };
		6AA1497B235DB12C00F703BC /* MockTestViewController.swift in Sources */ = {isa = PBXBuildFile; fileRef = 6AA1497A235DB12C00F703BC /* MockTestViewController.swift */; };
		6AA1497D235DB14500F703BC /* Mock.storyboard in Resources */ = {isa = PBXBuildFile; fileRef = 6AA1497C235DB14500F703BC /* Mock.storyboard */; };
		6AA3FE38234618CF00DAE9B9 /* ASQinitialViewController.swift in Sources */ = {isa = PBXBuildFile; fileRef = 6AA3FE37234618CF00DAE9B9 /* ASQinitialViewController.swift */; };
		6AA3FE3A234618DC00DAE9B9 /* ASQ.storyboard in Resources */ = {isa = PBXBuildFile; fileRef = 6AA3FE39234618DC00DAE9B9 /* ASQ.storyboard */; };
		6AA3FE3C2346193500DAE9B9 /* ASQViewController.swift in Sources */ = {isa = PBXBuildFile; fileRef = 6AA3FE3B2346193500DAE9B9 /* ASQViewController.swift */; };
		6AA3FE3E23461A0600DAE9B9 /* ASQ.json in Resources */ = {isa = PBXBuildFile; fileRef = 6AA3FE3D23461A0600DAE9B9 /* ASQ.json */; };
		6AA3FE412346C79800DAE9B9 /* Instrutions.storyboard in Resources */ = {isa = PBXBuildFile; fileRef = 6AA3FE402346C79800DAE9B9 /* Instrutions.storyboard */; };
		6AA3FE432346CE2300DAE9B9 /* InstructionsViewController.swift in Sources */ = {isa = PBXBuildFile; fileRef = 6AA3FE422346CE2300DAE9B9 /* InstructionsViewController.swift */; };
		6AA3FE45234EEE8500DAE9B9 /* ReadAloudInititalViewController.swift in Sources */ = {isa = PBXBuildFile; fileRef = 6AA3FE44234EEE8500DAE9B9 /* ReadAloudInititalViewController.swift */; };
		6AA3FE4B234EF3F600DAE9B9 /* RA.json in Resources */ = {isa = PBXBuildFile; fileRef = 6AA3FE4A234EF3F500DAE9B9 /* RA.json */; };
		6AA3FE4D234F01DE00DAE9B9 /* Manager.swift in Sources */ = {isa = PBXBuildFile; fileRef = 6AA3FE4C234F01DE00DAE9B9 /* Manager.swift */; };
		6AA3FE50234F034300DAE9B9 /* DI.storyboard in Resources */ = {isa = PBXBuildFile; fileRef = 6AA3FE4F234F034300DAE9B9 /* DI.storyboard */; };
		6AA3FE52234F042000DAE9B9 /* DIInitialViewController.swift in Sources */ = {isa = PBXBuildFile; fileRef = 6AA3FE51234F042000DAE9B9 /* DIInitialViewController.swift */; };
		6AA3FE54234F043100DAE9B9 /* DIViewController.swift in Sources */ = {isa = PBXBuildFile; fileRef = 6AA3FE53234F043100DAE9B9 /* DIViewController.swift */; };
		6AA3FE57234F0B1100DAE9B9 /* RL.storyboard in Resources */ = {isa = PBXBuildFile; fileRef = 6AA3FE56234F0B1100DAE9B9 /* RL.storyboard */; };
		6AA3FE59234F0BE000DAE9B9 /* RLViewController.swift in Sources */ = {isa = PBXBuildFile; fileRef = 6AA3FE58234F0BE000DAE9B9 /* RLViewController.swift */; };
		6AA3FE5B234F0BEC00DAE9B9 /* RLInitialViewController.swift in Sources */ = {isa = PBXBuildFile; fileRef = 6AA3FE5A234F0BEC00DAE9B9 /* RLInitialViewController.swift */; };
		6AA3FE5F234F0DFD00DAE9B9 /* 2.mp3 in Resources */ = {isa = PBXBuildFile; fileRef = 6AA3FE5D234F0DFD00DAE9B9 /* 2.mp3 */; };
		6AA3FE65234F149E00DAE9B9 /* beep.mp3 in Resources */ = {isa = PBXBuildFile; fileRef = 6AA3FE64234F149E00DAE9B9 /* beep.mp3 */; };
		6AA3FE67234F162F00DAE9B9 /* 1.mp3 in Resources */ = {isa = PBXBuildFile; fileRef = 6AA3FE66234F162F00DAE9B9 /* 1.mp3 */; };
		6AA9916823E816710030EB41 /* LFIBInitialViewController.swift in Sources */ = {isa = PBXBuildFile; fileRef = 6AA9916723E816710030EB41 /* LFIBInitialViewController.swift */; };
		6AA9916E23E949B40030EB41 /* LFIB.storyboard in Resources */ = {isa = PBXBuildFile; fileRef = 6AA9916D23E949B40030EB41 /* LFIB.storyboard */; };
		6AA9917023E94BA10030EB41 /* LFIBViewController.swift in Sources */ = {isa = PBXBuildFile; fileRef = 6AA9916F23E94BA10030EB41 /* LFIBViewController.swift */; };
		6AA9917223E9835E0030EB41 /* LFIB.json in Resources */ = {isa = PBXBuildFile; fileRef = 6AA9917123E9835E0030EB41 /* LFIB.json */; };
		6AB0144F2340463600418CEA /* WFD.json in Resources */ = {isa = PBXBuildFile; fileRef = 6AB0144E2340463600418CEA /* WFD.json */; };
		6ABB4D622334AAED00461B19 /* RS.storyboard in Resources */ = {isa = PBXBuildFile; fileRef = 6ABB4D612334AAED00461B19 /* RS.storyboard */; };
		6ABB4D642334B1D900461B19 /* RSTimerViewController.swift in Sources */ = {isa = PBXBuildFile; fileRef = 6ABB4D632334B1D900461B19 /* RSTimerViewController.swift */; };
		6ABB4D882335036900461B19 /* RSViewController.swift in Sources */ = {isa = PBXBuildFile; fileRef = 6ABB4D872335036900461B19 /* RSViewController.swift */; };
		6ABB4D8B233503DF00461B19 /* RS.json in Resources */ = {isa = PBXBuildFile; fileRef = 6ABB4D8A233503DF00461B19 /* RS.json */; };
		6ADA7DD22343746F00D39253 /* ReadAloud.storyboard in Resources */ = {isa = PBXBuildFile; fileRef = 6ADA7DD12343746F00D39253 /* ReadAloud.storyboard */; };
		6ADA7DD4234375BF00D39253 /* ReadAloudViewController.swift in Sources */ = {isa = PBXBuildFile; fileRef = 6ADA7DD3234375BF00D39253 /* ReadAloudViewController.swift */; };
		6AF60089233B2A7000BE6A67 /* WFDInitialViewController.swift in Sources */ = {isa = PBXBuildFile; fileRef = 6AF60088233B2A7000BE6A67 /* WFDInitialViewController.swift */; };
/* End PBXBuildFile section */

/* Begin PBXFileReference section */
		4839E049368A447E750CC43B /* Pods_Reorder.framework */ = {isa = PBXFileReference; explicitFileType = wrapper.framework; includeInIndex = 0; path = Pods_Reorder.framework; sourceTree = BUILT_PRODUCTS_DIR; };
		4C6D114FC4FBC85C66F0EE3D /* Pods-Reorder.release.xcconfig */ = {isa = PBXFileReference; includeInIndex = 1; lastKnownFileType = text.xcconfig; name = "Pods-Reorder.release.xcconfig"; path = "Pods/Target Support Files/Pods-Reorder/Pods-Reorder.release.xcconfig"; sourceTree = "<group>"; };
		6A304299232BBA13009B8673 /* Reorder.app */ = {isa = PBXFileReference; explicitFileType = wrapper.application; includeInIndex = 0; path = Reorder.app; sourceTree = BUILT_PRODUCTS_DIR; };
		6A30429C232BBA13009B8673 /* AppDelegate.swift */ = {isa = PBXFileReference; lastKnownFileType = sourcecode.swift; path = AppDelegate.swift; sourceTree = "<group>"; };
		6A30429E232BBA13009B8673 /* ViewController.swift */ = {isa = PBXFileReference; lastKnownFileType = sourcecode.swift; path = ViewController.swift; sourceTree = "<group>"; };
		6A3042A1232BBA13009B8673 /* Base */ = {isa = PBXFileReference; lastKnownFileType = file.storyboard; name = Base; path = Base.lproj/Main.storyboard; sourceTree = "<group>"; };
		6A3042A3232BBA15009B8673 /* Assets.xcassets */ = {isa = PBXFileReference; lastKnownFileType = folder.assetcatalog; path = Assets.xcassets; sourceTree = "<group>"; };
		6A3042A5232BBA15009B8673 /* Info.plist */ = {isa = PBXFileReference; lastKnownFileType = text.plist.xml; path = Info.plist; sourceTree = "<group>"; };
		6A3042AB232BBC0B009B8673 /* ReorderViewController.swift */ = {isa = PBXFileReference; lastKnownFileType = sourcecode.swift; path = ReorderViewController.swift; sourceTree = "<group>"; };
		6A3042AD232BD0CA009B8673 /* ROP1.json */ = {isa = PBXFileReference; fileEncoding = 4; lastKnownFileType = text.json; path = ROP1.json; sourceTree = "<group>"; };
		6A75084B232F636C00FC6C5E /* ROP2.json */ = {isa = PBXFileReference; fileEncoding = 4; lastKnownFileType = text.json; path = ROP2.json; sourceTree = "<group>"; };
		6A75084C232F636C00FC6C5E /* ROP3.json */ = {isa = PBXFileReference; fileEncoding = 4; lastKnownFileType = text.json; path = ROP3.json; sourceTree = "<group>"; };
		6A924FEA233863ED00860891 /* Utils.swift */ = {isa = PBXFileReference; lastKnownFileType = sourcecode.swift; path = Utils.swift; sourceTree = "<group>"; };
		6A925760233987B400860891 /* WFD.storyboard */ = {isa = PBXFileReference; lastKnownFileType = file.storyboard; path = WFD.storyboard; sourceTree = "<group>"; };
		6A925762233987E900860891 /* WFDViewController.swift */ = {isa = PBXFileReference; lastKnownFileType = sourcecode.swift; path = WFDViewController.swift; sourceTree = "<group>"; };
		6A9934B72330EF6A002156EA /* AnimateCircleView.swift */ = {isa = PBXFileReference; fileEncoding = 4; lastKnownFileType = sourcecode.swift; path = AnimateCircleView.swift; sourceTree = "<group>"; };
		6AA149772354947A00F703BC /* WFD_Listen.json */ = {isa = PBXFileReference; fileEncoding = 4; lastKnownFileType = text.json; path = WFD_Listen.json; sourceTree = "<group>"; };
		6AA1497A235DB12C00F703BC /* MockTestViewController.swift */ = {isa = PBXFileReference; lastKnownFileType = sourcecode.swift; path = MockTestViewController.swift; sourceTree = "<group>"; };
		6AA1497C235DB14500F703BC /* Mock.storyboard */ = {isa = PBXFileReference; lastKnownFileType = file.storyboard; path = Mock.storyboard; sourceTree = "<group>"; };
		6AA3FE37234618CF00DAE9B9 /* ASQinitialViewController.swift */ = {isa = PBXFileReference; lastKnownFileType = sourcecode.swift; path = ASQinitialViewController.swift; sourceTree = "<group>"; };
		6AA3FE39234618DC00DAE9B9 /* ASQ.storyboard */ = {isa = PBXFileReference; lastKnownFileType = file.storyboard; path = ASQ.storyboard; sourceTree = "<group>"; };
		6AA3FE3B2346193500DAE9B9 /* ASQViewController.swift */ = {isa = PBXFileReference; lastKnownFileType = sourcecode.swift; path = ASQViewController.swift; sourceTree = "<group>"; };
		6AA3FE3D23461A0600DAE9B9 /* ASQ.json */ = {isa = PBXFileReference; fileEncoding = 4; lastKnownFileType = text.json; path = ASQ.json; sourceTree = "<group>"; };
		6AA3FE402346C79800DAE9B9 /* Instrutions.storyboard */ = {isa = PBXFileReference; lastKnownFileType = file.storyboard; path = Instrutions.storyboard; sourceTree = "<group>"; };
		6AA3FE422346CE2300DAE9B9 /* InstructionsViewController.swift */ = {isa = PBXFileReference; lastKnownFileType = sourcecode.swift; path = InstructionsViewController.swift; sourceTree = "<group>"; };
		6AA3FE44234EEE8500DAE9B9 /* ReadAloudInititalViewController.swift */ = {isa = PBXFileReference; lastKnownFileType = sourcecode.swift; path = ReadAloudInititalViewController.swift; sourceTree = "<group>"; };
		6AA3FE4A234EF3F500DAE9B9 /* RA.json */ = {isa = PBXFileReference; fileEncoding = 4; lastKnownFileType = text.json; path = RA.json; sourceTree = "<group>"; };
		6AA3FE4C234F01DE00DAE9B9 /* Manager.swift */ = {isa = PBXFileReference; lastKnownFileType = sourcecode.swift; path = Manager.swift; sourceTree = "<group>"; };
		6AA3FE4F234F034300DAE9B9 /* DI.storyboard */ = {isa = PBXFileReference; fileEncoding = 4; lastKnownFileType = file.storyboard; path = DI.storyboard; sourceTree = "<group>"; };
		6AA3FE51234F042000DAE9B9 /* DIInitialViewController.swift */ = {isa = PBXFileReference; lastKnownFileType = sourcecode.swift; path = DIInitialViewController.swift; sourceTree = "<group>"; };
		6AA3FE53234F043100DAE9B9 /* DIViewController.swift */ = {isa = PBXFileReference; lastKnownFileType = sourcecode.swift; path = DIViewController.swift; sourceTree = "<group>"; };
		6AA3FE56234F0B1100DAE9B9 /* RL.storyboard */ = {isa = PBXFileReference; fileEncoding = 4; lastKnownFileType = file.storyboard; path = RL.storyboard; sourceTree = "<group>"; };
		6AA3FE58234F0BE000DAE9B9 /* RLViewController.swift */ = {isa = PBXFileReference; lastKnownFileType = sourcecode.swift; path = RLViewController.swift; sourceTree = "<group>"; };
		6AA3FE5A234F0BEC00DAE9B9 /* RLInitialViewController.swift */ = {isa = PBXFileReference; lastKnownFileType = sourcecode.swift; path = RLInitialViewController.swift; sourceTree = "<group>"; };
		6AA3FE5D234F0DFD00DAE9B9 /* 2.mp3 */ = {isa = PBXFileReference; lastKnownFileType = audio.mp3; path = 2.mp3; sourceTree = "<group>"; };
		6AA3FE64234F149E00DAE9B9 /* beep.mp3 */ = {isa = PBXFileReference; lastKnownFileType = audio.mp3; path = beep.mp3; sourceTree = "<group>"; };
		6AA3FE66234F162F00DAE9B9 /* 1.mp3 */ = {isa = PBXFileReference; lastKnownFileType = audio.mp3; path = 1.mp3; sourceTree = "<group>"; };
		6AA9916723E816710030EB41 /* LFIBInitialViewController.swift */ = {isa = PBXFileReference; lastKnownFileType = sourcecode.swift; path = LFIBInitialViewController.swift; sourceTree = "<group>"; };
		6AA9916D23E949B40030EB41 /* LFIB.storyboard */ = {isa = PBXFileReference; fileEncoding = 4; lastKnownFileType = file.storyboard; path = LFIB.storyboard; sourceTree = "<group>"; };
		6AA9916F23E94BA10030EB41 /* LFIBViewController.swift */ = {isa = PBXFileReference; lastKnownFileType = sourcecode.swift; path = LFIBViewController.swift; sourceTree = "<group>"; };
		6AA9917123E9835E0030EB41 /* LFIB.json */ = {isa = PBXFileReference; fileEncoding = 4; lastKnownFileType = text.json; path = LFIB.json; sourceTree = "<group>"; };
		6AA9917423E98B110030EB41 /* 1.aifc */ = {isa = PBXFileReference; lastKnownFileType = file; path = 1.aifc; sourceTree = "<group>"; };
		6AB0144E2340463600418CEA /* WFD.json */ = {isa = PBXFileReference; fileEncoding = 4; lastKnownFileType = text.json; path = WFD.json; sourceTree = "<group>"; };
		6ABB4D612334AAED00461B19 /* RS.storyboard */ = {isa = PBXFileReference; lastKnownFileType = file.storyboard; path = RS.storyboard; sourceTree = "<group>"; };
		6ABB4D632334B1D900461B19 /* RSTimerViewController.swift */ = {isa = PBXFileReference; lastKnownFileType = sourcecode.swift; path = RSTimerViewController.swift; sourceTree = "<group>"; };
		6ABB4D872335036900461B19 /* RSViewController.swift */ = {isa = PBXFileReference; lastKnownFileType = sourcecode.swift; path = RSViewController.swift; sourceTree = "<group>"; };
		6ABB4D8A233503DF00461B19 /* RS.json */ = {isa = PBXFileReference; fileEncoding = 4; lastKnownFileType = text.json; path = RS.json; sourceTree = "<group>"; };
		6ADA7DD12343746F00D39253 /* ReadAloud.storyboard */ = {isa = PBXFileReference; lastKnownFileType = file.storyboard; path = ReadAloud.storyboard; sourceTree = "<group>"; };
		6ADA7DD3234375BF00D39253 /* ReadAloudViewController.swift */ = {isa = PBXFileReference; lastKnownFileType = sourcecode.swift; path = ReadAloudViewController.swift; sourceTree = "<group>"; };
		6AF60088233B2A7000BE6A67 /* WFDInitialViewController.swift */ = {isa = PBXFileReference; lastKnownFileType = sourcecode.swift; path = WFDInitialViewController.swift; sourceTree = "<group>"; };
		96F66BBB20C7801D160C1D1F /* Pods-Reorder.debug.xcconfig */ = {isa = PBXFileReference; includeInIndex = 1; lastKnownFileType = text.xcconfig; name = "Pods-Reorder.debug.xcconfig"; path = "Pods/Target Support Files/Pods-Reorder/Pods-Reorder.debug.xcconfig"; sourceTree = "<group>"; };
/* End PBXFileReference section */

/* Begin PBXFrameworksBuildPhase section */
		6A304296232BBA13009B8673 /* Frameworks */ = {
			isa = PBXFrameworksBuildPhase;
			buildActionMask = 2147483647;
			files = (
				5A12BC2F16392C619FE31B49 /* Pods_Reorder.framework in Frameworks */,
			);
			runOnlyForDeploymentPostprocessing = 0;
		};
/* End PBXFrameworksBuildPhase section */

/* Begin PBXGroup section */
		6A304290232BBA13009B8673 = {
			isa = PBXGroup;
			children = (
				6A30429B232BBA13009B8673 /* Reorder */,
				6A30429A232BBA13009B8673 /* Products */,
				E28A82F3FD4B35E4AA1BBC11 /* Pods */,
				CB41D3DCF73F5C6DA7F2826F /* Frameworks */,
			);
			sourceTree = "<group>";
		};
		6A30429A232BBA13009B8673 /* Products */ = {
			isa = PBXGroup;
			children = (
				6A304299232BBA13009B8673 /* Reorder.app */,
			);
			name = Products;
			sourceTree = "<group>";
		};
		6A30429B232BBA13009B8673 /* Reorder */ = {
			isa = PBXGroup;
			children = (
				6AA3FE3F2346C77700DAE9B9 /* Instructions */,
				6A924FE9233863DE00860891 /* Utils */,
				6A9934B72330EF6A002156EA /* AnimateCircleView.swift */,
				6A30429C232BBA13009B8673 /* AppDelegate.swift */,
				6ABB4D5F2334A99400461B19 /* Reorder */,
				6A924FEC23387F3100860891 /* L-FIB */,
				6AA3FE55234F0A7600DAE9B9 /* RetellLecture */,
				6A92575F2339879E00860891 /* WFD */,
				6AA3FE4E234F030600DAE9B9 /* DI */,
				6AF6008A233B842600BE6A67 /* ReadAloud */,
				6AA3FE36234618AB00DAE9B9 /* ASQ */,
				6AA14979235DB10D00F703BC /* MockTest */,
				6ABB4D602334A9B900461B19 /* RepeatSentence */,
				6A3042A0232BBA13009B8673 /* Main.storyboard */,
				6A3042A3232BBA15009B8673 /* Assets.xcassets */,
				6AA3FE64234F149E00DAE9B9 /* beep.mp3 */,
				6A3042A5232BBA15009B8673 /* Info.plist */,
				6AA3FE4C234F01DE00DAE9B9 /* Manager.swift */,
			);
			path = Reorder;
			sourceTree = "<group>";
		};
		6A75084F232F637900FC6C5E /* ROP */ = {
			isa = PBXGroup;
			children = (
				6A3042AD232BD0CA009B8673 /* ROP1.json */,
				6A75084B232F636C00FC6C5E /* ROP2.json */,
				6A75084C232F636C00FC6C5E /* ROP3.json */,
			);
			path = ROP;
			sourceTree = "<group>";
		};
		6A924FE9233863DE00860891 /* Utils */ = {
			isa = PBXGroup;
			children = (
				6A924FEA233863ED00860891 /* Utils.swift */,
			);
			path = Utils;
			sourceTree = "<group>";
		};
		6A924FEC23387F3100860891 /* L-FIB */ = {
			isa = PBXGroup;
			children = (
				6AA9917323E98AFC0030EB41 /* Audios */,
				6AA9917123E9835E0030EB41 /* LFIB.json */,
				6AA9916723E816710030EB41 /* LFIBInitialViewController.swift */,
				6AA9916D23E949B40030EB41 /* LFIB.storyboard */,
				6AA9916F23E94BA10030EB41 /* LFIBViewController.swift */,
			);
			path = "L-FIB";
			sourceTree = "<group>";
		};
		6A92575F2339879E00860891 /* WFD */ = {
			isa = PBXGroup;
			children = (
				6AB0144E2340463600418CEA /* WFD.json */,
				6A925760233987B400860891 /* WFD.storyboard */,
				6AF60088233B2A7000BE6A67 /* WFDInitialViewController.swift */,
				6A925762233987E900860891 /* WFDViewController.swift */,
			);
			path = WFD;
			sourceTree = "<group>";
		};
		6AA14979235DB10D00F703BC /* MockTest */ = {
			isa = PBXGroup;
			children = (
				6AA1497A235DB12C00F703BC /* MockTestViewController.swift */,
				6AA1497C235DB14500F703BC /* Mock.storyboard */,
			);
			path = MockTest;
			sourceTree = "<group>";
		};
		6AA3FE36234618AB00DAE9B9 /* ASQ */ = {
			isa = PBXGroup;
			children = (
				6AA3FE3D23461A0600DAE9B9 /* ASQ.json */,
				6AA3FE37234618CF00DAE9B9 /* ASQinitialViewController.swift */,
				6AA3FE39234618DC00DAE9B9 /* ASQ.storyboard */,
				6AA3FE3B2346193500DAE9B9 /* ASQViewController.swift */,
			);
			path = ASQ;
			sourceTree = "<group>";
		};
		6AA3FE3F2346C77700DAE9B9 /* Instructions */ = {
			isa = PBXGroup;
			children = (
				6AA3FE402346C79800DAE9B9 /* Instrutions.storyboard */,
				6AA3FE422346CE2300DAE9B9 /* InstructionsViewController.swift */,
			);
			path = Instructions;
			sourceTree = "<group>";
		};
		6AA3FE4E234F030600DAE9B9 /* DI */ = {
			isa = PBXGroup;
			children = (
				6AA3FE4F234F034300DAE9B9 /* DI.storyboard */,
				6AA3FE51234F042000DAE9B9 /* DIInitialViewController.swift */,
				6AA3FE53234F043100DAE9B9 /* DIViewController.swift */,
			);
			path = DI;
			sourceTree = "<group>";
		};
		6AA3FE55234F0A7600DAE9B9 /* RetellLecture */ = {
			isa = PBXGroup;
			children = (
				6AA3FE66234F162F00DAE9B9 /* 1.mp3 */,
				6AA3FE5D234F0DFD00DAE9B9 /* 2.mp3 */,
				6AA3FE56234F0B1100DAE9B9 /* RL.storyboard */,
				6AA3FE58234F0BE000DAE9B9 /* RLViewController.swift */,
				6AA3FE5A234F0BEC00DAE9B9 /* RLInitialViewController.swift */,
			);
			path = RetellLecture;
			sourceTree = "<group>";
		};
		6AA9917323E98AFC0030EB41 /* Audios */ = {
			isa = PBXGroup;
			children = (
				6AA9917423E98B110030EB41 /* 1.aifc */,
			);
			path = Audios;
			sourceTree = "<group>";
		};
		6ABB4D5F2334A99400461B19 /* Reorder */ = {
			isa = PBXGroup;
			children = (
				6A30429E232BBA13009B8673 /* ViewController.swift */,
				6A75084F232F637900FC6C5E /* ROP */,
				6A3042AB232BBC0B009B8673 /* ReorderViewController.swift */,
			);
			path = Reorder;
			sourceTree = "<group>";
		};
		6ABB4D602334A9B900461B19 /* RepeatSentence */ = {
			isa = PBXGroup;
			children = (
				6ABB4D89233503B500461B19 /* RS */,
				6ABB4D612334AAED00461B19 /* RS.storyboard */,
				6ABB4D632334B1D900461B19 /* RSTimerViewController.swift */,
				6ABB4D872335036900461B19 /* RSViewController.swift */,
			);
			path = RepeatSentence;
			sourceTree = "<group>";
		};
		6ABB4D89233503B500461B19 /* RS */ = {
			isa = PBXGroup;
			children = (
				6AA149772354947A00F703BC /* WFD_Listen.json */,
				6ABB4D8A233503DF00461B19 /* RS.json */,
			);
			path = RS;
			sourceTree = "<group>";
		};
		6AF6008A233B842600BE6A67 /* ReadAloud */ = {
			isa = PBXGroup;
			children = (
				6AA3FE4A234EF3F500DAE9B9 /* RA.json */,
				6ADA7DD12343746F00D39253 /* ReadAloud.storyboard */,
				6ADA7DD3234375BF00D39253 /* ReadAloudViewController.swift */,
				6AA3FE44234EEE8500DAE9B9 /* ReadAloudInititalViewController.swift */,
			);
			path = ReadAloud;
			sourceTree = "<group>";
		};
		CB41D3DCF73F5C6DA7F2826F /* Frameworks */ = {
			isa = PBXGroup;
			children = (
				4839E049368A447E750CC43B /* Pods_Reorder.framework */,
			);
			name = Frameworks;
			sourceTree = "<group>";
		};
		E28A82F3FD4B35E4AA1BBC11 /* Pods */ = {
			isa = PBXGroup;
			children = (
				96F66BBB20C7801D160C1D1F /* Pods-Reorder.debug.xcconfig */,
				4C6D114FC4FBC85C66F0EE3D /* Pods-Reorder.release.xcconfig */,
			);
			name = Pods;
			sourceTree = "<group>";
		};
/* End PBXGroup section */

/* Begin PBXNativeTarget section */
		6A304298232BBA13009B8673 /* Reorder */ = {
			isa = PBXNativeTarget;
			buildConfigurationList = 6A3042A8232BBA15009B8673 /* Build configuration list for PBXNativeTarget "Reorder" */;
			buildPhases = (
				7A31A0A459D28BE3E9B44036 /* [CP] Check Pods Manifest.lock */,
				6A304295232BBA13009B8673 /* Sources */,
				6A304296232BBA13009B8673 /* Frameworks */,
				6A304297232BBA13009B8673 /* Resources */,
				1D83A920D5A44C1A919E1D62 /* [CP] Embed Pods Frameworks */,
			);
			buildRules = (
			);
			dependencies = (
			);
			name = Reorder;
			productName = Reorder;
			productReference = 6A304299232BBA13009B8673 /* Reorder.app */;
			productType = "com.apple.product-type.application";
		};
/* End PBXNativeTarget section */

/* Begin PBXProject section */
		6A304291232BBA13009B8673 /* Project object */ = {
			isa = PBXProject;
			attributes = {
				LastSwiftUpdateCheck = 1030;
				LastUpgradeCheck = 1030;
				ORGANIZATIONNAME = Raj;
				TargetAttributes = {
					6A304298232BBA13009B8673 = {
						CreatedOnToolsVersion = 10.3;
					};
				};
			};
			buildConfigurationList = 6A304294232BBA13009B8673 /* Build configuration list for PBXProject "Reorder" */;
			compatibilityVersion = "Xcode 9.3";
			developmentRegion = en;
			hasScannedForEncodings = 0;
			knownRegions = (
				en,
				Base,
			);
			mainGroup = 6A304290232BBA13009B8673;
			productRefGroup = 6A30429A232BBA13009B8673 /* Products */;
			projectDirPath = "";
			projectRoot = "";
			targets = (
				6A304298232BBA13009B8673 /* Reorder */,
			);
		};
/* End PBXProject section */

/* Begin PBXResourcesBuildPhase section */
		6A304297232BBA13009B8673 /* Resources */ = {
			isa = PBXResourcesBuildPhase;
			buildActionMask = 2147483647;
			files = (
				6A75084D232F636C00FC6C5E /* ROP2.json in Resources */,
				6AA149782354947A00F703BC /* WFD_Listen.json in Resources */,
				6A75084E232F636C00FC6C5E /* ROP3.json in Resources */,
				6AA3FE57234F0B1100DAE9B9 /* RL.storyboard in Resources */,
				6AA3FE65234F149E00DAE9B9 /* beep.mp3 in Resources */,
				6A3042A4232BBA15009B8673 /* Assets.xcassets in Resources */,
				6A3042A2232BBA13009B8673 /* Main.storyboard in Resources */,
				6AA9917223E9835E0030EB41 /* LFIB.json in Resources */,
				6AA1497D235DB14500F703BC /* Mock.storyboard in Resources */,
				6ADA7DD22343746F00D39253 /* ReadAloud.storyboard in Resources */,
				6AA3FE5F234F0DFD00DAE9B9 /* 2.mp3 in Resources */,
				6AB0144F2340463600418CEA /* WFD.json in Resources */,
				6AA3FE412346C79800DAE9B9 /* Instrutions.storyboard in Resources */,
				6AA3FE50234F034300DAE9B9 /* DI.storyboard in Resources */,
				6AA3FE3A234618DC00DAE9B9 /* ASQ.storyboard in Resources */,
				6AA3FE67234F162F00DAE9B9 /* 1.mp3 in Resources */,
				6A3665C923E996DB00047437 /* 1.aifc in Resources */,
				6AA3FE3E23461A0600DAE9B9 /* ASQ.json in Resources */,
				6AA3FE4B234EF3F600DAE9B9 /* RA.json in Resources */,
				6A3042AE232BD0CA009B8673 /* ROP1.json in Resources */,
				6ABB4D622334AAED00461B19 /* RS.storyboard in Resources */,
				6AA9916E23E949B40030EB41 /* LFIB.storyboard in Resources */,
				6ABB4D8B233503DF00461B19 /* RS.json in Resources */,
				6A925761233987B400860891 /* WFD.storyboard in Resources */,
			);
			runOnlyForDeploymentPostprocessing = 0;
		};
/* End PBXResourcesBuildPhase section */

/* Begin PBXShellScriptBuildPhase section */
		1D83A920D5A44C1A919E1D62 /* [CP] Embed Pods Frameworks */ = {
			isa = PBXShellScriptBuildPhase;
			buildActionMask = 2147483647;
			files = (
			);
			inputPaths = (
				"${SRCROOT}/Pods/Target Support Files/Pods-Reorder/Pods-Reorder-frameworks.sh",
				"${BUILT_PRODUCTS_DIR}/GTProgressBar/GTProgressBar.framework",
				"${BUILT_PRODUCTS_DIR}/Hero/Hero.framework",
			);
			name = "[CP] Embed Pods Frameworks";
			outputPaths = (
				"${TARGET_BUILD_DIR}/${FRAMEWORKS_FOLDER_PATH}/GTProgressBar.framework",
				"${TARGET_BUILD_DIR}/${FRAMEWORKS_FOLDER_PATH}/Hero.framework",
			);
			runOnlyForDeploymentPostprocessing = 0;
			shellPath = /bin/sh;
			shellScript = "\"${SRCROOT}/Pods/Target Support Files/Pods-Reorder/Pods-Reorder-frameworks.sh\"\n";
			showEnvVarsInLog = 0;
		};
		7A31A0A459D28BE3E9B44036 /* [CP] Check Pods Manifest.lock */ = {
			isa = PBXShellScriptBuildPhase;
			buildActionMask = 2147483647;
			files = (
			);
			inputPaths = (
				"${PODS_PODFILE_DIR_PATH}/Podfile.lock",
				"${PODS_ROOT}/Manifest.lock",
			);
			name = "[CP] Check Pods Manifest.lock";
			outputPaths = (
				"$(DERIVED_FILE_DIR)/Pods-Reorder-checkManifestLockResult.txt",
			);
			runOnlyForDeploymentPostprocessing = 0;
			shellPath = /bin/sh;
			shellScript = "diff \"${PODS_PODFILE_DIR_PATH}/Podfile.lock\" \"${PODS_ROOT}/Manifest.lock\" > /dev/null\nif [ $? != 0 ] ; then\n    # print error to STDERR\n    echo \"error: The sandbox is not in sync with the Podfile.lock. Run 'pod install' or update your CocoaPods installation.\" >&2\n    exit 1\nfi\n# This output is used by Xcode 'outputs' to avoid re-running this script phase.\necho \"SUCCESS\" > \"${SCRIPT_OUTPUT_FILE_0}\"\n";
			showEnvVarsInLog = 0;
		};
/* End PBXShellScriptBuildPhase section */

/* Begin PBXSourcesBuildPhase section */
		6A304295232BBA13009B8673 /* Sources */ = {
			isa = PBXSourcesBuildPhase;
			buildActionMask = 2147483647;
			files = (
				6ADA7DD4234375BF00D39253 /* ReadAloudViewController.swift in Sources */,
				6A30429F232BBA13009B8673 /* ViewController.swift in Sources */,
				6AA3FE59234F0BE000DAE9B9 /* RLViewController.swift in Sources */,
				6ABB4D642334B1D900461B19 /* RSTimerViewController.swift in Sources */,
				6AA3FE38234618CF00DAE9B9 /* ASQinitialViewController.swift in Sources */,
				6AA3FE4D234F01DE00DAE9B9 /* Manager.swift in Sources */,
				6AA3FE45234EEE8500DAE9B9 /* ReadAloudInititalViewController.swift in Sources */,
				6A925763233987E900860891 /* WFDViewController.swift in Sources */,
				6AA3FE5B234F0BEC00DAE9B9 /* RLInitialViewController.swift in Sources */,
				6A3042AC232BBC0B009B8673 /* ReorderViewController.swift in Sources */,
				6A924FEB233863ED00860891 /* Utils.swift in Sources */,
				6ABB4D882335036900461B19 /* RSViewController.swift in Sources */,
				6A9934B82330EF6B002156EA /* AnimateCircleView.swift in Sources */,
				6AA9917023E94BA10030EB41 /* LFIBViewController.swift in Sources */,
				6A30429D232BBA13009B8673 /* AppDelegate.swift in Sources */,
				6AA9916823E816710030EB41 /* LFIBInitialViewController.swift in Sources */,
				6AA3FE3C2346193500DAE9B9 /* ASQViewController.swift in Sources */,
				6AA3FE432346CE2300DAE9B9 /* InstructionsViewController.swift in Sources */,
				6AA1497B235DB12C00F703BC /* MockTestViewController.swift in Sources */,
				6AA3FE52234F042000DAE9B9 /* DIInitialViewController.swift in Sources */,
				6AF60089233B2A7000BE6A67 /* WFDInitialViewController.swift in Sources */,
				6AA3FE54234F043100DAE9B9 /* DIViewController.swift in Sources */,
			);
			runOnlyForDeploymentPostprocessing = 0;
		};
/* End PBXSourcesBuildPhase section */

/* Begin PBXVariantGroup section */
		6A3042A0232BBA13009B8673 /* Main.storyboard */ = {
			isa = PBXVariantGroup;
			children = (
				6A3042A1232BBA13009B8673 /* Base */,
			);
			name = Main.storyboard;
			sourceTree = "<group>";
		};
/* End PBXVariantGroup section */

/* Begin XCBuildConfiguration section */
		6A3042A6232BBA15009B8673 /* Debug */ = {
			isa = XCBuildConfiguration;
			buildSettings = {
				ALWAYS_SEARCH_USER_PATHS = NO;
				CLANG_ANALYZER_NONNULL = YES;
				CLANG_ANALYZER_NUMBER_OBJECT_CONVERSION = YES_AGGRESSIVE;
				CLANG_CXX_LANGUAGE_STANDARD = "gnu++14";
				CLANG_CXX_LIBRARY = "libc++";
				CLANG_ENABLE_MODULES = YES;
				CLANG_ENABLE_OBJC_ARC = YES;
				CLANG_ENABLE_OBJC_WEAK = YES;
				CLANG_WARN_BLOCK_CAPTURE_AUTORELEASING = YES;
				CLANG_WARN_BOOL_CONVERSION = YES;
				CLANG_WARN_COMMA = YES;
				CLANG_WARN_CONSTANT_CONVERSION = YES;
				CLANG_WARN_DEPRECATED_OBJC_IMPLEMENTATIONS = YES;
				CLANG_WARN_DIRECT_OBJC_ISA_USAGE = YES_ERROR;
				CLANG_WARN_DOCUMENTATION_COMMENTS = YES;
				CLANG_WARN_EMPTY_BODY = YES;
				CLANG_WARN_ENUM_CONVERSION = YES;
				CLANG_WARN_INFINITE_RECURSION = YES;
				CLANG_WARN_INT_CONVERSION = YES;
				CLANG_WARN_NON_LITERAL_NULL_CONVERSION = YES;
				CLANG_WARN_OBJC_IMPLICIT_RETAIN_SELF = YES;
				CLANG_WARN_OBJC_LITERAL_CONVERSION = YES;
				CLANG_WARN_OBJC_ROOT_CLASS = YES_ERROR;
				CLANG_WARN_RANGE_LOOP_ANALYSIS = YES;
				CLANG_WARN_STRICT_PROTOTYPES = YES;
				CLANG_WARN_SUSPICIOUS_MOVE = YES;
				CLANG_WARN_UNGUARDED_AVAILABILITY = YES_AGGRESSIVE;
				CLANG_WARN_UNREACHABLE_CODE = YES;
				CLANG_WARN__DUPLICATE_METHOD_MATCH = YES;
				COPY_PHASE_STRIP = NO;
				DEBUG_INFORMATION_FORMAT = dwarf;
				ENABLE_STRICT_OBJC_MSGSEND = YES;
				ENABLE_TESTABILITY = YES;
				GCC_C_LANGUAGE_STANDARD = gnu11;
				GCC_DYNAMIC_NO_PIC = NO;
				GCC_NO_COMMON_BLOCKS = YES;
				GCC_OPTIMIZATION_LEVEL = 0;
				GCC_PREPROCESSOR_DEFINITIONS = (
					"DEBUG=1",
					"$(inherited)",
				);
				GCC_WARN_64_TO_32_BIT_CONVERSION = YES;
				GCC_WARN_ABOUT_RETURN_TYPE = YES_ERROR;
				GCC_WARN_UNDECLARED_SELECTOR = YES;
				GCC_WARN_UNINITIALIZED_AUTOS = YES_AGGRESSIVE;
				GCC_WARN_UNUSED_FUNCTION = YES;
				GCC_WARN_UNUSED_VARIABLE = YES;
				MTL_ENABLE_DEBUG_INFO = INCLUDE_SOURCE;
				MTL_FAST_MATH = YES;
				ONLY_ACTIVE_ARCH = YES;
				SDKROOT = appletvos;
				SWIFT_ACTIVE_COMPILATION_CONDITIONS = DEBUG;
				SWIFT_OPTIMIZATION_LEVEL = "-Onone";
				TVOS_DEPLOYMENT_TARGET = 12.4;
			};
			name = Debug;
		};
		6A3042A7232BBA15009B8673 /* Release */ = {
			isa = XCBuildConfiguration;
			buildSettings = {
				ALWAYS_SEARCH_USER_PATHS = NO;
				CLANG_ANALYZER_NONNULL = YES;
				CLANG_ANALYZER_NUMBER_OBJECT_CONVERSION = YES_AGGRESSIVE;
				CLANG_CXX_LANGUAGE_STANDARD = "gnu++14";
				CLANG_CXX_LIBRARY = "libc++";
				CLANG_ENABLE_MODULES = YES;
				CLANG_ENABLE_OBJC_ARC = YES;
				CLANG_ENABLE_OBJC_WEAK = YES;
				CLANG_WARN_BLOCK_CAPTURE_AUTORELEASING = YES;
				CLANG_WARN_BOOL_CONVERSION = YES;
				CLANG_WARN_COMMA = YES;
				CLANG_WARN_CONSTANT_CONVERSION = YES;
				CLANG_WARN_DEPRECATED_OBJC_IMPLEMENTATIONS = YES;
				CLANG_WARN_DIRECT_OBJC_ISA_USAGE = YES_ERROR;
				CLANG_WARN_DOCUMENTATION_COMMENTS = YES;
				CLANG_WARN_EMPTY_BODY = YES;
				CLANG_WARN_ENUM_CONVERSION = YES;
				CLANG_WARN_INFINITE_RECURSION = YES;
				CLANG_WARN_INT_CONVERSION = YES;
				CLANG_WARN_NON_LITERAL_NULL_CONVERSION = YES;
				CLANG_WARN_OBJC_IMPLICIT_RETAIN_SELF = YES;
				CLANG_WARN_OBJC_LITERAL_CONVERSION = YES;
				CLANG_WARN_OBJC_ROOT_CLASS = YES_ERROR;
				CLANG_WARN_RANGE_LOOP_ANALYSIS = YES;
				CLANG_WARN_STRICT_PROTOTYPES = YES;
				CLANG_WARN_SUSPICIOUS_MOVE = YES;
				CLANG_WARN_UNGUARDED_AVAILABILITY = YES_AGGRESSIVE;
				CLANG_WARN_UNREACHABLE_CODE = YES;
				CLANG_WARN__DUPLICATE_METHOD_MATCH = YES;
				COPY_PHASE_STRIP = NO;
				DEBUG_INFORMATION_FORMAT = "dwarf-with-dsym";
				ENABLE_NS_ASSERTIONS = NO;
				ENABLE_STRICT_OBJC_MSGSEND = YES;
				GCC_C_LANGUAGE_STANDARD = gnu11;
				GCC_NO_COMMON_BLOCKS = YES;
				GCC_WARN_64_TO_32_BIT_CONVERSION = YES;
				GCC_WARN_ABOUT_RETURN_TYPE = YES_ERROR;
				GCC_WARN_UNDECLARED_SELECTOR = YES;
				GCC_WARN_UNINITIALIZED_AUTOS = YES_AGGRESSIVE;
				GCC_WARN_UNUSED_FUNCTION = YES;
				GCC_WARN_UNUSED_VARIABLE = YES;
				MTL_ENABLE_DEBUG_INFO = NO;
				MTL_FAST_MATH = YES;
				SDKROOT = appletvos;
				SWIFT_COMPILATION_MODE = wholemodule;
				SWIFT_OPTIMIZATION_LEVEL = "-O";
				TVOS_DEPLOYMENT_TARGET = 12.4;
				VALIDATE_PRODUCT = YES;
			};
			name = Release;
		};
		6A3042A9232BBA15009B8673 /* Debug */ = {
			isa = XCBuildConfiguration;
			baseConfigurationReference = 96F66BBB20C7801D160C1D1F /* Pods-Reorder.debug.xcconfig */;
			buildSettings = {
				ASSETCATALOG_COMPILER_APPICON_NAME = "App Icon & Top Shelf Image";
				ASSETCATALOG_COMPILER_LAUNCHIMAGE_NAME = LaunchImage;
				CODE_SIGN_STYLE = Automatic;
				DEVELOPMENT_TEAM = Z2UMGHS98Z;
				INFOPLIST_FILE = Reorder/Info.plist;
				LD_RUNPATH_SEARCH_PATHS = (
					"$(inherited)",
					"@executable_path/Frameworks",
				);
				PRODUCT_BUNDLE_IDENTIFIER = com.wow.Reorder;
				PRODUCT_NAME = "$(TARGET_NAME)";
				SWIFT_VERSION = 5.0;
				TARGETED_DEVICE_FAMILY = 3;
			};
			name = Debug;
		};
		6A3042AA232BBA15009B8673 /* Release */ = {
			isa = XCBuildConfiguration;
			baseConfigurationReference = 4C6D114FC4FBC85C66F0EE3D /* Pods-Reorder.release.xcconfig */;
			buildSettings = {
				ASSETCATALOG_COMPILER_APPICON_NAME = "App Icon & Top Shelf Image";
				ASSETCATALOG_COMPILER_LAUNCHIMAGE_NAME = LaunchImage;
				CODE_SIGN_STYLE = Automatic;
				DEVELOPMENT_TEAM = Z2UMGHS98Z;
				INFOPLIST_FILE = Reorder/Info.plist;
				LD_RUNPATH_SEARCH_PATHS = (
					"$(inherited)",
					"@executable_path/Frameworks",
				);
				PRODUCT_BUNDLE_IDENTIFIER = com.wow.Reorder;
				PRODUCT_NAME = "$(TARGET_NAME)";
				SWIFT_VERSION = 5.0;
				TARGETED_DEVICE_FAMILY = 3;
			};
			name = Release;
		};
/* End XCBuildConfiguration section */

/* Begin XCConfigurationList section */
		6A304294232BBA13009B8673 /* Build configuration list for PBXProject "Reorder" */ = {
			isa = XCConfigurationList;
			buildConfigurations = (
				6A3042A6232BBA15009B8673 /* Debug */,
				6A3042A7232BBA15009B8673 /* Release */,
			);
			defaultConfigurationIsVisible = 0;
			defaultConfigurationName = Release;
		};
		6A3042A8232BBA15009B8673 /* Build configuration list for PBXNativeTarget "Reorder" */ = {
			isa = XCConfigurationList;
			buildConfigurations = (
				6A3042A9232BBA15009B8673 /* Debug */,
				6A3042AA232BBA15009B8673 /* Release */,
			);
			defaultConfigurationIsVisible = 0;
			defaultConfigurationName = Release;
		};
/* End XCConfigurationList section */
	};
	rootObject = 6A304291232BBA13009B8673 /* Project object */;
}
